# THIS IS AN AUTOGENERATED FILE. DO NOT EDIT THIS FILE DIRECTLY.
# yarn lockfile v1


material-icons@^1.12.0:
  version "1.12.0"
  resolved "https://registry.yarnpkg.com/material-icons/-/material-icons-1.12.0.tgz#77a3504a98ca01e298df9e1d7e1b0950fb1d4ef5"
  integrity sha512-QwiZGoNlXrorOqLbFYECxuFxxG0UTivX39b+6gmgbgg+w5v+LtNUoOuz4zPM0EPWmAYbQxv4PAdSNN08Wj6/nA==
